
Microsoft Visual Studio Solution File, Format Version 12.00
# Visual Studio Version 17
VisualStudioVersion = 17.9.34414.90
MinimumVisualStudioVersion = 10.0.40219.1
Project("{FAE04EC0-301F-11D3-BF4B-00C04F79EFBC}") = "Client", "Client\Client\Client.csproj", "{B540F999-724F-4F23-9305-E03ED335008F}"
EndProject
Project("{FAE04EC0-301F-11D3-BF4B-00C04F79EFBC}") = "Client.Android", "Client\Client.Android\Client.Android.csproj", "{8C7F9AFB-4ECC-4325-998D-059FA0A8ED16}"
EndProject
Project("{FAE04EC0-301F-11D3-BF4B-00C04F79EFBC}") = "Client.Desktop", "Client\Client.Desktop\Client.Desktop.csproj", "{E31485D3-8363-47AE-9291-D94CC16BEE0E}"
EndProject
Project("{FAE04EC0-301F-11D3-BF4B-00C04F79EFBC}") = "API", "API\API.csproj", "{BB7B4897-6849-440F-9CB7-015183AF4C57}"
EndProject
Global
	GlobalSection(SolutionConfigurationPlatforms) = preSolution
		Debug|Any CPU = Debug|Any CPU
		Release|Any CPU = Release|Any CPU
	EndGlobalSection
	GlobalSection(ProjectConfigurationPlatforms) = postSolution
		{B540F999-724F-4F23-9305-E03ED335008F}.Debug|Any CPU.ActiveCfg = Debug|Any CPU
		{B540F999-724F-4F23-9305-E03ED335008F}.Debug|Any CPU.Build.0 = Debug|Any CPU
		{B540F999-724F-4F23-9305-E03ED335008F}.Release|Any CPU.ActiveCfg = Release|Any CPU
		{B540F999-724F-4F23-9305-E03ED335008F}.Release|Any CPU.Build.0 = Release|Any CPU
		{8C7F9AFB-4ECC-4325-998D-059FA0A8ED16}.Debug|Any CPU.ActiveCfg = Debug|Any CPU
		{8C7F9AFB-4ECC-4325-998D-059FA0A8ED16}.Debug|Any CPU.Build.0 = Debug|Any CPU
		{8C7F9AFB-4ECC-4325-998D-059FA0A8ED16}.Debug|Any CPU.Deploy.0 = Debug|Any CPU
		{8C7F9AFB-4ECC-4325-998D-059FA0A8ED16}.Release|Any CPU.ActiveCfg = Release|Any CPU
		{8C7F9AFB-4ECC-4325-998D-059FA0A8ED16}.Release|Any CPU.Build.0 = Release|Any CPU
		{8C7F9AFB-4ECC-4325-998D-059FA0A8ED16}.Release|Any CPU.Deploy.0 = Release|Any CPU
		{E31485D3-8363-47AE-9291-D94CC16BEE0E}.Debug|Any CPU.ActiveCfg = Debug|Any CPU
		{E31485D3-8363-47AE-9291-D94CC16BEE0E}.Debug|Any CPU.Build.0 = Debug|Any CPU
		{E31485D3-8363-47AE-9291-D94CC16BEE0E}.Release|Any CPU.ActiveCfg = Release|Any CPU
		{E31485D3-8363-47AE-9291-D94CC16BEE0E}.Release|Any CPU.Build.0 = Release|Any CPU
		{BB7B4897-6849-440F-9CB7-015183AF4C57}.Debug|Any CPU.ActiveCfg = Debug|Any CPU
		{BB7B4897-6849-440F-9CB7-015183AF4C57}.Debug|Any CPU.Build.0 = Debug|Any CPU
		{BB7B4897-6849-440F-9CB7-015183AF4C57}.Release|Any CPU.ActiveCfg = Release|Any CPU
		{BB7B4897-6849-440F-9CB7-015183AF4C57}.Release|Any CPU.Build.0 = Release|Any CPU
	EndGlobalSection
	GlobalSection(SolutionProperties) = preSolution
		HideSolutionNode = FALSE
	EndGlobalSection
	GlobalSection(ExtensibilityGlobals) = postSolution
		SolutionGuid = {5C0FC47D-EE43-4A78-936B-EE3AA18A2EED}
	EndGlobalSection
EndGlobal
