
Microsoft Visual Studio Solution File, Format Version 12.00
# Visual Studio Version 17
VisualStudioVersion = 17.8.34525.116
MinimumVisualStudioVersion = 10.0.40219.1
Project("{9A19103F-16F7-4668-BE54-9A1E7A4F7556}") = "Project", "Project\Project.csproj", "{7FB32D29-80F1-40D5-A3FE-DE045892F12F}"
EndProject
Project("{9A19103F-16F7-4668-BE54-9A1E7A4F7556}") = "Project.Android", "Project.Android\Project.Android.csproj", "{09954B5D-CA2B-4C41-AE5A-AB3DE78C0DE9}"
EndProject
Project("{9A19103F-16F7-4668-BE54-9A1E7A4F7556}") = "Project.Desktop", "Project.Desktop\Project.Desktop.csproj", "{5361D50F-394E-4F7D-9287-63D978563A04}"
EndProject
Project("{9A19103F-16F7-4668-BE54-9A1E7A4F7556}") = "Project.Browser", "Project.Browser\Project.Browser.csproj", "{6E0B2BA5-93AC-4FCB-81E1-057076B143F0}"
EndProject
Global
	GlobalSection(SolutionConfigurationPlatforms) = preSolution
		Debug|Any CPU = Debug|Any CPU
		Release|Any CPU = Release|Any CPU
	EndGlobalSection
	GlobalSection(ProjectConfigurationPlatforms) = postSolution
		{7FB32D29-80F1-40D5-A3FE-DE045892F12F}.Debug|Any CPU.ActiveCfg = Debug|Any CPU
		{7FB32D29-80F1-40D5-A3FE-DE045892F12F}.Debug|Any CPU.Build.0 = Debug|Any CPU
		{7FB32D29-80F1-40D5-A3FE-DE045892F12F}.Release|Any CPU.ActiveCfg = Release|Any CPU
		{7FB32D29-80F1-40D5-A3FE-DE045892F12F}.Release|Any CPU.Build.0 = Release|Any CPU
		{09954B5D-CA2B-4C41-AE5A-AB3DE78C0DE9}.Debug|Any CPU.ActiveCfg = Debug|Any CPU
		{09954B5D-CA2B-4C41-AE5A-AB3DE78C0DE9}.Debug|Any CPU.Build.0 = Debug|Any CPU
		{09954B5D-CA2B-4C41-AE5A-AB3DE78C0DE9}.Debug|Any CPU.Deploy.0 = Debug|Any CPU
		{09954B5D-CA2B-4C41-AE5A-AB3DE78C0DE9}.Release|Any CPU.ActiveCfg = Release|Any CPU
		{09954B5D-CA2B-4C41-AE5A-AB3DE78C0DE9}.Release|Any CPU.Build.0 = Release|Any CPU
		{09954B5D-CA2B-4C41-AE5A-AB3DE78C0DE9}.Release|Any CPU.Deploy.0 = Release|Any CPU
		{5361D50F-394E-4F7D-9287-63D978563A04}.Debug|Any CPU.ActiveCfg = Debug|Any CPU
		{5361D50F-394E-4F7D-9287-63D978563A04}.Debug|Any CPU.Build.0 = Debug|Any CPU
		{5361D50F-394E-4F7D-9287-63D978563A04}.Release|Any CPU.ActiveCfg = Release|Any CPU
		{5361D50F-394E-4F7D-9287-63D978563A04}.Release|Any CPU.Build.0 = Release|Any CPU
		{6E0B2BA5-93AC-4FCB-81E1-057076B143F0}.Debug|Any CPU.ActiveCfg = Debug|Any CPU
		{6E0B2BA5-93AC-4FCB-81E1-057076B143F0}.Debug|Any CPU.Build.0 = Debug|Any CPU
		{6E0B2BA5-93AC-4FCB-81E1-057076B143F0}.Release|Any CPU.ActiveCfg = Release|Any CPU
		{6E0B2BA5-93AC-4FCB-81E1-057076B143F0}.Release|Any CPU.Build.0 = Release|Any CPU
	EndGlobalSection
	GlobalSection(SolutionProperties) = preSolution
		HideSolutionNode = FALSE
	EndGlobalSection
	GlobalSection(ExtensibilityGlobals) = postSolution
		SolutionGuid = {16BC8DC3-424F-4412-B6A1-58BD3F60E49C}
	EndGlobalSection
EndGlobal
